// !$*UTF8*$!
{
	archiveVersion = 1;
	classes = {
	};
	objectVersion = 50;
	objects = {

/* Begin PBXBuildFile section */
		DDC4D466265BC35500EAEFC2 /* AppDelegate.swift in Sources */ = {isa = PBXBuildFile; fileRef = DDC4D465265BC35500EAEFC2 /* AppDelegate.swift */; };
		DDC4D468265BC35500EAEFC2 /* SceneDelegate.swift in Sources */ = {isa = PBXBuildFile; fileRef = DDC4D467265BC35500EAEFC2 /* SceneDelegate.swift */; };
		DDC4D46A265BC35500EAEFC2 /* ViewController.swift in Sources */ = {isa = PBXBuildFile; fileRef = DDC4D469265BC35500EAEFC2 /* ViewController.swift */; };
		DDC4D46D265BC35500EAEFC2 /* Main.storyboard in Resources */ = {isa = PBXBuildFile; fileRef = DDC4D46B265BC35500EAEFC2 /* Main.storyboard */; };
		DDC4D46F265BC35600EAEFC2 /* Assets.xcassets in Resources */ = {isa = PBXBuildFile; fileRef = DDC4D46E265BC35600EAEFC2 /* Assets.xcassets */; };
		DDC4D472265BC35600EAEFC2 /* LaunchScreen.storyboard in Resources */ = {isa = PBXBuildFile; fileRef = DDC4D470265BC35600EAEFC2 /* LaunchScreen.storyboard */; };
		DDC4D47B265BC3ED00EAEFC2 /* Weather.swift in Sources */ = {isa = PBXBuildFile; fileRef = DDC4D47A265BC3ED00EAEFC2 /* Weather.swift */; };
		DDC4D47E265BC46F00EAEFC2 /* Webservice.swift in Sources */ = {isa = PBXBuildFile; fileRef = DDC4D47D265BC46F00EAEFC2 /* Webservice.swift */; };
		DDC4D481265BC48700EAEFC2 /* Constants.swift in Sources */ = {isa = PBXBuildFile; fileRef = DDC4D480265BC48700EAEFC2 /* Constants.swift */; };
/* End PBXBuildFile section */

/* Begin PBXFileReference section */
		DDC4D462265BC35500EAEFC2 /* WeatherApp.app */ = {isa = PBXFileReference; explicitFileType = wrapper.application; includeInIndex = 0; path = WeatherApp.app; sourceTree = BUILT_PRODUCTS_DIR; };
		DDC4D465265BC35500EAEFC2 /* AppDelegate.swift */ = {isa = PBXFileReference; lastKnownFileType = sourcecode.swift; path = AppDelegate.swift; sourceTree = "<group>"; };
		DDC4D467265BC35500EAEFC2 /* SceneDelegate.swift */ = {isa = PBXFileReference; lastKnownFileType = sourcecode.swift; path = SceneDelegate.swift; sourceTree = "<group>"; };
		DDC4D469265BC35500EAEFC2 /* ViewController.swift */ = {isa = PBXFileReference; lastKnownFileType = sourcecode.swift; path = ViewController.swift; sourceTree = "<group>"; };
		DDC4D46C265BC35500EAEFC2 /* Base */ = {isa = PBXFileReference; lastKnownFileType = file.storyboard; name = Base; path = Base.lproj/Main.storyboard; sourceTree = "<group>"; };
		DDC4D46E265BC35600EAEFC2 /* Assets.xcassets */ = {isa = PBXFileReference; lastKnownFileType = folder.assetcatalog; path = Assets.xcassets; sourceTree = "<group>"; };
		DDC4D471265BC35600EAEFC2 /* Base */ = {isa = PBXFileReference; lastKnownFileType = file.storyboard; name = Base; path = Base.lproj/LaunchScreen.storyboard; sourceTree = "<group>"; };
		DDC4D473265BC35600EAEFC2 /* Info.plist */ = {isa = PBXFileReference; lastKnownFileType = text.plist.xml; path = Info.plist; sourceTree = "<group>"; };
		DDC4D47A265BC3ED00EAEFC2 /* Weather.swift */ = {isa = PBXFileReference; lastKnownFileType = sourcecode.swift; path = Weather.swift; sourceTree = "<group>"; };
		DDC4D47D265BC46F00EAEFC2 /* Webservice.swift */ = {isa = PBXFileReference; lastKnownFileType = sourcecode.swift; path = Webservice.swift; sourceTree = "<group>"; };
		DDC4D480265BC48700EAEFC2 /* Constants.swift */ = {isa = PBXFileReference; lastKnownFileType = sourcecode.swift; path = Constants.swift; sourceTree = "<group>"; };
/* End PBXFileReference section */

/* Begin PBXFrameworksBuildPhase section */
		DDC4D45F265BC35500EAEFC2 /* Frameworks */ = {
			isa = PBXFrameworksBuildPhase;
			buildActionMask = 2147483647;
			files = (
			);
			runOnlyForDeploymentPostprocessing = 0;
		};
/* End PBXFrameworksBuildPhase section */

/* Begin PBXGroup section */
		DDC4D459265BC35500EAEFC2 = {
			isa = PBXGroup;
			children = (
				DDC4D464265BC35500EAEFC2 /* WeatherApp */,
				DDC4D463265BC35500EAEFC2 /* Products */,
			);
			sourceTree = "<group>";
		};
		DDC4D463265BC35500EAEFC2 /* Products */ = {
			isa = PBXGroup;
			children = (
				DDC4D462265BC35500EAEFC2 /* WeatherApp.app */,
			);
			name = Products;
			sourceTree = "<group>";
		};
		DDC4D464265BC35500EAEFC2 /* WeatherApp */ = {
			isa = PBXGroup;
			children = (
				DDC4D47F265BC47A00EAEFC2 /* Utils */,
				DDC4D47C265BC46000EAEFC2 /* Service */,
				DDC4D479265BC3E000EAEFC2 /* Models */,
				DDC4D465265BC35500EAEFC2 /* AppDelegate.swift */,
				DDC4D467265BC35500EAEFC2 /* SceneDelegate.swift */,
				DDC4D469265BC35500EAEFC2 /* ViewController.swift */,
				DDC4D46B265BC35500EAEFC2 /* Main.storyboard */,
				DDC4D46E265BC35600EAEFC2 /* Assets.xcassets */,
				DDC4D470265BC35600EAEFC2 /* LaunchScreen.storyboard */,
				DDC4D473265BC35600EAEFC2 /* Info.plist */,
			);
			path = WeatherApp;
			sourceTree = "<group>";
		};
		DDC4D479265BC3E000EAEFC2 /* Models */ = {
			isa = PBXGroup;
			children = (
				DDC4D47A265BC3ED00EAEFC2 /* Weather.swift */,
			);
			path = Models;
			sourceTree = "<group>";
		};
		DDC4D47C265BC46000EAEFC2 /* Service */ = {
			isa = PBXGroup;
			children = (
				DDC4D47D265BC46F00EAEFC2 /* Webservice.swift */,
			);
			path = Service;
			sourceTree = "<group>";
		};
		DDC4D47F265BC47A00EAEFC2 /* Utils */ = {
			isa = PBXGroup;
			children = (
				DDC4D480265BC48700EAEFC2 /* Constants.swift */,
			);
			path = Utils;
			sourceTree = "<group>";
		};
/* End PBXGroup section */

/* Begin PBXNativeTarget section */
		DDC4D461265BC35500EAEFC2 /* WeatherApp */ = {
			isa = PBXNativeTarget;
			buildConfigurationList = DDC4D476265BC35600EAEFC2 /* Build configuration list for PBXNativeTarget "WeatherApp" */;
			buildPhases = (
				DDC4D45E265BC35500EAEFC2 /* Sources */,
				DDC4D45F265BC35500EAEFC2 /* Frameworks */,
				DDC4D460265BC35500EAEFC2 /* Resources */,
			);
			buildRules = (
			);
			dependencies = (
			);
			name = WeatherApp;
			productName = WeatherApp;
			productReference = DDC4D462265BC35500EAEFC2 /* WeatherApp.app */;
			productType = "com.apple.product-type.application";
		};
/* End PBXNativeTarget section */

/* Begin PBXProject section */
		DDC4D45A265BC35500EAEFC2 /* Project object */ = {
			isa = PBXProject;
			attributes = {
				LastSwiftUpdateCheck = 1250;
				LastUpgradeCheck = 1250;
				TargetAttributes = {
					DDC4D461265BC35500EAEFC2 = {
						CreatedOnToolsVersion = 12.5;
					};
				};
			};
			buildConfigurationList = DDC4D45D265BC35500EAEFC2 /* Build configuration list for PBXProject "WeatherApp" */;
			compatibilityVersion = "Xcode 9.3";
			developmentRegion = en;
			hasScannedForEncodings = 0;
			knownRegions = (
				en,
				Base,
			);
			mainGroup = DDC4D459265BC35500EAEFC2;
			productRefGroup = DDC4D463265BC35500EAEFC2 /* Products */;
			projectDirPath = "";
			projectRoot = "";
			targets = (
				DDC4D461265BC35500EAEFC2 /* WeatherApp */,
			);
		};
/* End PBXProject section */

/* Begin PBXResourcesBuildPhase section */
		DDC4D460265BC35500EAEFC2 /* Resources */ = {
			isa = PBXResourcesBuildPhase;
			buildActionMask = 2147483647;
			files = (
				DDC4D472265BC35600EAEFC2 /* LaunchScreen.storyboard in Resources */,
				DDC4D46F265BC35600EAEFC2 /* Assets.xcassets in Resources */,
				DDC4D46D265BC35500EAEFC2 /* Main.storyboard in Resources */,
			);
			runOnlyForDeploymentPostprocessing = 0;
		};
/* End PBXResourcesBuildPhase section */

/* Begin PBXSourcesBuildPhase section */
		DDC4D45E265BC35500EAEFC2 /* Sources */ = {
			isa = PBXSourcesBuildPhase;
			buildActionMask = 2147483647;
			files = (
				DDC4D47B265BC3ED00EAEFC2 /* Weather.swift in Sources */,
				DDC4D46A265BC35500EAEFC2 /* ViewController.swift in Sources */,
				DDC4D466265BC35500EAEFC2 /* AppDelegate.swift in Sources */,
				DDC4D47E265BC46F00EAEFC2 /* Webservice.swift in Sources */,
				DDC4D468265BC35500EAEFC2 /* SceneDelegate.swift in Sources */,
				DDC4D481265BC48700EAEFC2 /* Constants.swift in Sources */,
			);
			runOnlyForDeploymentPostprocessing = 0;
		};
/* End PBXSourcesBuildPhase section */

/* Begin PBXVariantGroup section */
		DDC4D46B265BC35500EAEFC2 /* Main.storyboard */ = {
			isa = PBXVariantGroup;
			children = (
				DDC4D46C265BC35500EAEFC2 /* Base */,
			);
			name = Main.storyboard;
			sourceTree = "<group>";
		};
		DDC4D470265BC35600EAEFC2 /* LaunchScreen.storyboard */ = {
			isa = PBXVariantGroup;
			children = (
				DDC4D471265BC35600EAEFC2 /* Base */,
			);
			name = LaunchScreen.storyboard;
			sourceTree = "<group>";
		};
/* End PBXVariantGroup section */

/* Begin XCBuildConfiguration section */
		DDC4D474265BC35600EAEFC2 /* Debug */ = {
			isa = XCBuildConfiguration;
			buildSettings = {
				ALWAYS_SEARCH_USER_PATHS = NO;
				CLANG_ANALYZER_NONNULL = YES;
				CLANG_ANALYZER_NUMBER_OBJECT_CONVERSION = YES_AGGRESSIVE;
				CLANG_CXX_LANGUAGE_STANDARD = "gnu++14";
				CLANG_CXX_LIBRARY = "libc++";
				CLANG_ENABLE_MODULES = YES;
				CLANG_ENABLE_OBJC_ARC = YES;
				CLANG_ENABLE_OBJC_WEAK = YES;
				CLANG_WARN_BLOCK_CAPTURE_AUTORELEASING = YES;
				CLANG_WARN_BOOL_CONVERSION = YES;
				CLANG_WARN_COMMA = YES;
				CLANG_WARN_CONSTANT_CONVERSION = YES;
				CLANG_WARN_DEPRECATED_OBJC_IMPLEMENTATIONS = YES;
				CLANG_WARN_DIRECT_OBJC_ISA_USAGE = YES_ERROR;
				CLANG_WARN_DOCUMENTATION_COMMENTS = YES;
				CLANG_WARN_EMPTY_BODY = YES;
				CLANG_WARN_ENUM_CONVERSION = YES;
				CLANG_WARN_INFINITE_RECURSION = YES;
				CLANG_WARN_INT_CONVERSION = YES;
				CLANG_WARN_NON_LITERAL_NULL_CONVERSION = YES;
				CLANG_WARN_OBJC_IMPLICIT_RETAIN_SELF = YES;
				CLANG_WARN_OBJC_LITERAL_CONVERSION = YES;
				CLANG_WARN_OBJC_ROOT_CLASS = YES_ERROR;
				CLANG_WARN_QUOTED_INCLUDE_IN_FRAMEWORK_HEADER = YES;
				CLANG_WARN_RANGE_LOOP_ANALYSIS = YES;
				CLANG_WARN_STRICT_PROTOTYPES = YES;
				CLANG_WARN_SUSPICIOUS_MOVE = YES;
				CLANG_WARN_UNGUARDED_AVAILABILITY = YES_AGGRESSIVE;
				CLANG_WARN_UNREACHABLE_CODE = YES;
				CLANG_WARN__DUPLICATE_METHOD_MATCH = YES;
				COPY_PHASE_STRIP = NO;
				DEBUG_INFORMATION_FORMAT = dwarf;
				ENABLE_STRICT_OBJC_MSGSEND = YES;
				ENABLE_TESTABILITY = YES;
				GCC_C_LANGUAGE_STANDARD = gnu11;
				GCC_DYNAMIC_NO_PIC = NO;
				GCC_NO_COMMON_BLOCKS = YES;
				GCC_OPTIMIZATION_LEVEL = 0;
				GCC_PREPROCESSOR_DEFINITIONS = (
					"DEBUG=1",
					"$(inherited)",
				);
				GCC_WARN_64_TO_32_BIT_CONVERSION = YES;
				GCC_WARN_ABOUT_RETURN_TYPE = YES_ERROR;
				GCC_WARN_UNDECLARED_SELECTOR = YES;
				GCC_WARN_UNINITIALIZED_AUTOS = YES_AGGRESSIVE;
				GCC_WARN_UNUSED_FUNCTION = YES;
				GCC_WARN_UNUSED_VARIABLE = YES;
				IPHONEOS_DEPLOYMENT_TARGET = 14.5;
				MTL_ENABLE_DEBUG_INFO = INCLUDE_SOURCE;
				MTL_FAST_MATH = YES;
				ONLY_ACTIVE_ARCH = YES;
				SDKROOT = iphoneos;
				SWIFT_ACTIVE_COMPILATION_CONDITIONS = DEBUG;
				SWIFT_OPTIMIZATION_LEVEL = "-Onone";
			};
			name = Debug;
		};
		DDC4D475265BC35600EAEFC2 /* Release */ = {
			isa = XCBuildConfiguration;
			buildSettings = {
				ALWAYS_SEARCH_USER_PATHS = NO;
				CLANG_ANALYZER_NONNULL = YES;
				CLANG_ANALYZER_NUMBER_OBJECT_CONVERSION = YES_AGGRESSIVE;
				CLANG_CXX_LANGUAGE_STANDARD = "gnu++14";
				CLANG_CXX_LIBRARY = "libc++";
				CLANG_ENABLE_MODULES = YES;
				CLANG_ENABLE_OBJC_ARC = YES;
				CLANG_ENABLE_OBJC_WEAK = YES;
				CLANG_WARN_BLOCK_CAPTURE_AUTORELEASING = YES;
				CLANG_WARN_BOOL_CONVERSION = YES;
				CLANG_WARN_COMMA = YES;
				CLANG_WARN_CONSTANT_CONVERSION = YES;
				CLANG_WARN_DEPRECATED_OBJC_IMPLEMENTATIONS = YES;
				CLANG_WARN_DIRECT_OBJC_ISA_USAGE = YES_ERROR;
				CLANG_WARN_DOCUMENTATION_COMMENTS = YES;
				CLANG_WARN_EMPTY_BODY = YES;
				CLANG_WARN_ENUM_CONVERSION = YES;
				CLANG_WARN_INFINITE_RECURSION = YES;
				CLANG_WARN_INT_CONVERSION = YES;
				CLANG_WARN_NON_LITERAL_NULL_CONVERSION = YES;
				CLANG_WARN_OBJC_IMPLICIT_RETAIN_SELF = YES;
				CLANG_WARN_OBJC_LITERAL_CONVERSION = YES;
				CLANG_WARN_OBJC_ROOT_CLASS = YES_ERROR;
				CLANG_WARN_QUOTED_INCLUDE_IN_FRAMEWORK_HEADER = YES;
				CLANG_WARN_RANGE_LOOP_ANALYSIS = YES;
				CLANG_WARN_STRICT_PROTOTYPES = YES;
				CLANG_WARN_SUSPICIOUS_MOVE = YES;
				CLANG_WARN_UNGUARDED_AVAILABILITY = YES_AGGRESSIVE;
				CLANG_WARN_UNREACHABLE_CODE = YES;
				CLANG_WARN__DUPLICATE_METHOD_MATCH = YES;
				COPY_PHASE_STRIP = NO;
				DEBUG_INFORMATION_FORMAT = "dwarf-with-dsym";
				ENABLE_NS_ASSERTIONS = NO;
				ENABLE_STRICT_OBJC_MSGSEND = YES;
				GCC_C_LANGUAGE_STANDARD = gnu11;
				GCC_NO_COMMON_BLOCKS = YES;
				GCC_WARN_64_TO_32_BIT_CONVERSION = YES;
				GCC_WARN_ABOUT_RETURN_TYPE = YES_ERROR;
				GCC_WARN_UNDECLARED_SELECTOR = YES;
				GCC_WARN_UNINITIALIZED_AUTOS = YES_AGGRESSIVE;
				GCC_WARN_UNUSED_FUNCTION = YES;
				GCC_WARN_UNUSED_VARIABLE = YES;
				IPHONEOS_DEPLOYMENT_TARGET = 14.5;
				MTL_ENABLE_DEBUG_INFO = NO;
				MTL_FAST_MATH = YES;
				SDKROOT = iphoneos;
				SWIFT_COMPILATION_MODE = wholemodule;
				SWIFT_OPTIMIZATION_LEVEL = "-O";
				VALIDATE_PRODUCT = YES;
			};
			name = Release;
		};
		DDC4D477265BC35600EAEFC2 /* Debug */ = {
			isa = XCBuildConfiguration;
			buildSettings = {
				ASSETCATALOG_COMPILER_APPICON_NAME = AppIcon;
				ASSETCATALOG_COMPILER_GLOBAL_ACCENT_COLOR_NAME = AccentColor;
				CODE_SIGN_STYLE = Automatic;
				INFOPLIST_FILE = WeatherApp/Info.plist;
				LD_RUNPATH_SEARCH_PATHS = (
					"$(inherited)",
					"@executable_path/Frameworks",
				);
				PRODUCT_BUNDLE_IDENTIFIER = com.amunga.WeatherApp;
				PRODUCT_NAME = "$(TARGET_NAME)";
				SWIFT_VERSION = 5.0;
				TARGETED_DEVICE_FAMILY = "1,2";
			};
			name = Debug;
		};
		DDC4D478265BC35600EAEFC2 /* Release */ = {
			isa = XCBuildConfiguration;
			buildSettings = {
				ASSETCATALOG_COMPILER_APPICON_NAME = AppIcon;
				ASSETCATALOG_COMPILER_GLOBAL_ACCENT_COLOR_NAME = AccentColor;
				CODE_SIGN_STYLE = Automatic;
				INFOPLIST_FILE = WeatherApp/Info.plist;
				LD_RUNPATH_SEARCH_PATHS = (
					"$(inherited)",
					"@executable_path/Frameworks",
				);
				PRODUCT_BUNDLE_IDENTIFIER = com.amunga.WeatherApp;
				PRODUCT_NAME = "$(TARGET_NAME)";
				SWIFT_VERSION = 5.0;
				TARGETED_DEVICE_FAMILY = "1,2";
			};
			name = Release;
		};
/* End XCBuildConfiguration section */

/* Begin XCConfigurationList section */
		DDC4D45D265BC35500EAEFC2 /* Build configuration list for PBXProject "WeatherApp" */ = {
			isa = XCConfigurationList;
			buildConfigurations = (
				DDC4D474265BC35600EAEFC2 /* Debug */,
				DDC4D475265BC35600EAEFC2 /* Release */,
			);
			defaultConfigurationIsVisible = 0;
			defaultConfigurationName = Release;
		};
		DDC4D476265BC35600EAEFC2 /* Build configuration list for PBXNativeTarget "WeatherApp" */ = {
			isa = XCConfigurationList;
			buildConfigurations = (
				DDC4D477265BC35600EAEFC2 /* Debug */,
				DDC4D478265BC35600EAEFC2 /* Release */,
			);
			defaultConfigurationIsVisible = 0;
			defaultConfigurationName = Release;
		};
/* End XCConfigurationList section */
	};
	rootObject = DDC4D45A265BC35500EAEFC2 /* Project object */;
}
